// !$*UTF8*$!
{
	archiveVersion = 1;
	classes = {
	};
	objectVersion = 56;
	objects = {

/* Begin PBXBuildFile section */
		A1000001212F0001 /* LeonardApp.swift in Sources */ = {isa = PBXBuildFile; fileRef = A1000001212F0000 /* LeonardApp.swift */; };
		A1000002212F0002 /* AppConfig.swift in Sources */ = {isa = PBXBuildFile; fileRef = A1000002212F0001 /* AppConfig.swift */; };
		A1000003212F0003 /* MainView.swift in Sources */ = {isa = PBXBuildFile; fileRef = A1000003212F0002 /* MainView.swift */; };
		A1000004212F0004 /* SidebarView.swift in Sources */ = {isa = PBXBuildFile; fileRef = A1000004212F0003 /* SidebarView.swift */; };
		A1000005212F0005 /* AskLeonardView.swift in Sources */ = {isa = PBXBuildFile; fileRef = A1000005212F0004 /* AskLeonardView.swift */; };
		A1000006212F0006 /* MessageBubble.swift in Sources */ = {isa = PBXBuildFile; fileRef = A1000006212F0005 /* MessageBubble.swift */; };
		A1000007212F0007 /* MessageList.swift in Sources */ = {isa = PBXBuildFile; fileRef = A1000007212F0006 /* MessageList.swift */; };
		A1000008212F0008 /* ChatInput.swift in Sources */ = {isa = PBXBuildFile; fileRef = A1000008212F0007 /* ChatInput.swift */; };
		A1000009212F0009 /* AIsView.swift in Sources */ = {isa = PBXBuildFile; fileRef = A1000009212F0008 /* AIsView.swift */; };
		A100000A212F000A /* ModelsSection.swift in Sources */ = {isa = PBXBuildFile; fileRef = A100000A212F0009 /* ModelsSection.swift */; };
		A100000B212F000B /* ToolsSection.swift in Sources */ = {isa = PBXBuildFile; fileRef = A100000B212F000A /* ToolsSection.swift */; };
		A100000C212F000C /* SkillsSection.swift in Sources */ = {isa = PBXBuildFile; fileRef = A100000C212F000B /* SkillsSection.swift */; };
		A100000D212F000D /* Message.swift in Sources */ = {isa = PBXBuildFile; fileRef = A100000D212F000C /* Message.swift */; };
		A100000E212F000E /* AIModel.swift in Sources */ = {isa = PBXBuildFile; fileRef = A100000E212F000D /* AIModel.swift */; };
		A100000F212F000F /* Tool.swift in Sources */ = {isa = PBXBuildFile; fileRef = A100000F212F000E /* Tool.swift */; };
		A1000010212F0010 /* Skill.swift in Sources */ = {isa = PBXBuildFile; fileRef = A1000010212F000F /* Skill.swift */; };
		A1000011212F0011 /* ChatViewModel.swift in Sources */ = {isa = PBXBuildFile; fileRef = A1000011212F0010 /* ChatViewModel.swift */; };
		A1000012212F0012 /* AIsViewModel.swift in Sources */ = {isa = PBXBuildFile; fileRef = A1000012212F0011 /* AIsViewModel.swift */; };
		A1000013212F0013 /* CoreAPI.swift in Sources */ = {isa = PBXBuildFile; fileRef = A1000013212F0012 /* CoreAPI.swift */; };
		A1000014212F0014 /* CoreBridge.swift in Sources */ = {isa = PBXBuildFile; fileRef = A1000014212F0013 /* CoreBridge.swift */; };
		A1000015212F0015 /* Assets.xcassets in Resources */ = {isa = PBXBuildFile; fileRef = A1000015212F0014 /* Assets.xcassets */; };
/* End PBXBuildFile section */

/* Begin PBXFileReference section */
		A1000000212F0000 /* Leonard.app */ = {isa = PBXFileReference; explicitFileType = wrapper.application; includeInIndex = 0; path = Leonard.app; sourceTree = BUILT_PRODUCTS_DIR; };
		A1000001212F0000 /* LeonardApp.swift */ = {isa = PBXFileReference; lastKnownFileType = sourcecode.swift; path = LeonardApp.swift; sourceTree = "<group>"; };
		A1000002212F0001 /* AppConfig.swift */ = {isa = PBXFileReference; lastKnownFileType = sourcecode.swift; path = AppConfig.swift; sourceTree = "<group>"; };
		A1000003212F0002 /* MainView.swift */ = {isa = PBXFileReference; lastKnownFileType = sourcecode.swift; path = MainView.swift; sourceTree = "<group>"; };
		A1000004212F0003 /* SidebarView.swift */ = {isa = PBXFileReference; lastKnownFileType = sourcecode.swift; path = SidebarView.swift; sourceTree = "<group>"; };
		A1000005212F0004 /* AskLeonardView.swift */ = {isa = PBXFileReference; lastKnownFileType = sourcecode.swift; path = AskLeonardView.swift; sourceTree = "<group>"; };
		A1000006212F0005 /* MessageBubble.swift */ = {isa = PBXFileReference; lastKnownFileType = sourcecode.swift; path = MessageBubble.swift; sourceTree = "<group>"; };
		A1000007212F0006 /* MessageList.swift */ = {isa = PBXFileReference; lastKnownFileType = sourcecode.swift; path = MessageList.swift; sourceTree = "<group>"; };
		A1000008212F0007 /* ChatInput.swift */ = {isa = PBXFileReference; lastKnownFileType = sourcecode.swift; path = ChatInput.swift; sourceTree = "<group>"; };
		A1000009212F0008 /* AIsView.swift */ = {isa = PBXFileReference; lastKnownFileType = sourcecode.swift; path = AIsView.swift; sourceTree = "<group>"; };
		A100000A212F0009 /* ModelsSection.swift */ = {isa = PBXFileReference; lastKnownFileType = sourcecode.swift; path = ModelsSection.swift; sourceTree = "<group>"; };
		A100000B212F000A /* ToolsSection.swift */ = {isa = PBXFileReference; lastKnownFileType = sourcecode.swift; path = ToolsSection.swift; sourceTree = "<group>"; };
		A100000C212F000B /* SkillsSection.swift */ = {isa = PBXFileReference; lastKnownFileType = sourcecode.swift; path = SkillsSection.swift; sourceTree = "<group>"; };
		A100000D212F000C /* Message.swift */ = {isa = PBXFileReference; lastKnownFileType = sourcecode.swift; path = Message.swift; sourceTree = "<group>"; };
		A100000E212F000D /* AIModel.swift */ = {isa = PBXFileReference; lastKnownFileType = sourcecode.swift; path = AIModel.swift; sourceTree = "<group>"; };
		A100000F212F000E /* Tool.swift */ = {isa = PBXFileReference; lastKnownFileType = sourcecode.swift; path = Tool.swift; sourceTree = "<group>"; };
		A1000010212F000F /* Skill.swift */ = {isa = PBXFileReference; lastKnownFileType = sourcecode.swift; path = Skill.swift; sourceTree = "<group>"; };
		A1000011212F0010 /* ChatViewModel.swift */ = {isa = PBXFileReference; lastKnownFileType = sourcecode.swift; path = ChatViewModel.swift; sourceTree = "<group>"; };
		A1000012212F0011 /* AIsViewModel.swift */ = {isa = PBXFileReference; lastKnownFileType = sourcecode.swift; path = AIsViewModel.swift; sourceTree = "<group>"; };
		A1000013212F0012 /* CoreAPI.swift */ = {isa = PBXFileReference; lastKnownFileType = sourcecode.swift; path = CoreAPI.swift; sourceTree = "<group>"; };
		A1000014212F0013 /* CoreBridge.swift */ = {isa = PBXFileReference; lastKnownFileType = sourcecode.swift; path = CoreBridge.swift; sourceTree = "<group>"; };
		A1000015212F0014 /* Assets.xcassets */ = {isa = PBXFileReference; lastKnownFileType = folder.assetcatalog; path = Assets.xcassets; sourceTree = "<group>"; };
/* End PBXFileReference section */

/* Begin PBXFrameworksBuildPhase section */
		A10000FF212FFFFF /* Frameworks */ = {
			isa = PBXFrameworksBuildPhase;
			buildActionMask = 2147483647;
			files = (
			);
			runOnlyForDeploymentPostprocessing = 0;
		};
/* End PBXFrameworksBuildPhase section */

/* Begin PBXGroup section */
		A10000E0212FE000 = {
			isa = PBXGroup;
			children = (
				A10000E1212FE001 /* Leonard */,
				A10000E2212FE002 /* Products */,
			);
			sourceTree = "<group>";
		};
		A10000E1212FE001 /* Leonard */ = {
			isa = PBXGroup;
			children = (
				A1000001212F0000 /* LeonardApp.swift */,
				A10000E3212FE003 /* Config */,
				A10000E4212FE004 /* Views */,
				A10000E5212FE005 /* Models */,
				A10000E6212FE006 /* ViewModels */,
				A10000E7212FE007 /* Services */,
				A1000015212F0014 /* Assets.xcassets */,
			);
			path = Leonard;
			sourceTree = "<group>";
		};
		A10000E2212FE002 /* Products */ = {
			isa = PBXGroup;
			children = (
				A1000000212F0000 /* Leonard.app */,
			);
			name = Products;
			sourceTree = "<group>";
		};
		A10000E3212FE003 /* Config */ = {
			isa = PBXGroup;
			children = (
				A1000002212F0001 /* AppConfig.swift */,
			);
			path = Config;
			sourceTree = "<group>";
		};
		A10000E4212FE004 /* Views */ = {
			isa = PBXGroup;
			children = (
				A1000003212F0002 /* MainView.swift */,
				A10000E8212FE008 /* Sidebar */,
				A10000E9212FE009 /* AskLeonard */,
				A10000EA212FE00A /* AIs */,
			);
			path = Views;
			sourceTree = "<group>";
		};
		A10000E5212FE005 /* Models */ = {
			isa = PBXGroup;
			children = (
				A100000D212F000C /* Message.swift */,
				A100000E212F000D /* AIModel.swift */,
				A100000F212F000E /* Tool.swift */,
				A1000010212F000F /* Skill.swift */,
			);
			path = Models;
			sourceTree = "<group>";
		};
		A10000E6212FE006 /* ViewModels */ = {
			isa = PBXGroup;
			children = (
				A1000011212F0010 /* ChatViewModel.swift */,
				A1000012212F0011 /* AIsViewModel.swift */,
			);
			path = ViewModels;
			sourceTree = "<group>";
		};
		A10000E7212FE007 /* Services */ = {
			isa = PBXGroup;
			children = (
				A1000013212F0012 /* CoreAPI.swift */,
				A1000014212F0013 /* CoreBridge.swift */,
			);
			path = Services;
			sourceTree = "<group>";
		};
		A10000E8212FE008 /* Sidebar */ = {
			isa = PBXGroup;
			children = (
				A1000004212F0003 /* SidebarView.swift */,
			);
			path = Sidebar;
			sourceTree = "<group>";
		};
		A10000E9212FE009 /* AskLeonard */ = {
			isa = PBXGroup;
			children = (
				A1000005212F0004 /* AskLeonardView.swift */,
				A1000006212F0005 /* MessageBubble.swift */,
				A1000007212F0006 /* MessageList.swift */,
				A1000008212F0007 /* ChatInput.swift */,
			);
			path = AskLeonard;
			sourceTree = "<group>";
		};
		A10000EA212FE00A /* AIs */ = {
			isa = PBXGroup;
			children = (
				A1000009212F0008 /* AIsView.swift */,
				A100000A212F0009 /* ModelsSection.swift */,
				A100000B212F000A /* ToolsSection.swift */,
				A100000C212F000B /* SkillsSection.swift */,
			);
			path = AIs;
			sourceTree = "<group>";
		};
/* End PBXGroup section */

/* Begin PBXNativeTarget section */
		A10000FE212FFFFE /* Leonard */ = {
			isa = PBXNativeTarget;
			buildConfigurationList = A10000FD212FFFFD /* Build configuration list for PBXNativeTarget "Leonard" */;
			buildPhases = (
				A10000FC212FFFFC /* Sources */,
				A10000FF212FFFFF /* Frameworks */,
				A1000100212F0000 /* Resources */,
			);
			buildRules = (
			);
			dependencies = (
			);
			name = Leonard;
			productName = Leonard;
			productReference = A1000000212F0000 /* Leonard.app */;
			productType = "com.apple.product-type.application";
		};
/* End PBXNativeTarget section */

/* Begin PBXProject section */
		A10000F0212FFFF0 /* Project object */ = {
			isa = PBXProject;
			attributes = {
				BuildIndependentTargetsInParallel = 1;
				LastSwiftUpdateCheck = 1500;
				LastUpgradeCheck = 1500;
				TargetAttributes = {
					A10000FE212FFFFE = {
						CreatedOnToolsVersion = 15.0;
					};
				};
			};
			buildConfigurationList = A10000F1212FFFF1 /* Build configuration list for PBXProject "Leonard" */;
			compatibilityVersion = "Xcode 14.0";
			developmentRegion = en;
			hasScannedForEncodings = 0;
			knownRegions = (
				en,
				Base,
			);
			mainGroup = A10000E0212FE000;
			productRefGroup = A10000E2212FE002 /* Products */;
			projectDirPath = "";
			projectRoot = "";
			targets = (
				A10000FE212FFFFE /* Leonard */,
			);
		};
/* End PBXProject section */

/* Begin PBXResourcesBuildPhase section */
		A1000100212F0000 /* Resources */ = {
			isa = PBXResourcesBuildPhase;
			buildActionMask = 2147483647;
			files = (
				A1000015212F0015 /* Assets.xcassets in Resources */,
			);
			runOnlyForDeploymentPostprocessing = 0;
		};
/* End PBXResourcesBuildPhase section */

/* Begin PBXSourcesBuildPhase section */
		A10000FC212FFFFC /* Sources */ = {
			isa = PBXSourcesBuildPhase;
			buildActionMask = 2147483647;
			files = (
				A1000001212F0001 /* LeonardApp.swift in Sources */,
				A1000002212F0002 /* AppConfig.swift in Sources */,
				A1000003212F0003 /* MainView.swift in Sources */,
				A1000004212F0004 /* SidebarView.swift in Sources */,
				A1000005212F0005 /* AskLeonardView.swift in Sources */,
				A1000006212F0006 /* MessageBubble.swift in Sources */,
				A1000007212F0007 /* MessageList.swift in Sources */,
				A1000008212F0008 /* ChatInput.swift in Sources */,
				A1000009212F0009 /* AIsView.swift in Sources */,
				A100000A212F000A /* ModelsSection.swift in Sources */,
				A100000B212F000B /* ToolsSection.swift in Sources */,
				A100000C212F000C /* SkillsSection.swift in Sources */,
				A100000D212F000D /* Message.swift in Sources */,
				A100000E212F000E /* AIModel.swift in Sources */,
				A100000F212F000F /* Tool.swift in Sources */,
				A1000010212F0010 /* Skill.swift in Sources */,
				A1000011212F0011 /* ChatViewModel.swift in Sources */,
				A1000012212F0012 /* AIsViewModel.swift in Sources */,
				A1000013212F0013 /* CoreAPI.swift in Sources */,
				A1000014212F0014 /* CoreBridge.swift in Sources */,
			);
			runOnlyForDeploymentPostprocessing = 0;
		};
/* End PBXSourcesBuildPhase section */

/* Begin XCBuildConfiguration section */
		A10000F2212FFFF2 /* Debug */ = {
			isa = XCBuildConfiguration;
			buildSettings = {
				ALWAYS_SEARCH_USER_PATHS = NO;
				ASSETCATALOG_COMPILER_GENERATE_SWIFT_ASSET_SYMBOL_EXTENSIONS = YES;
				CLANG_ANALYZER_NONNULL = YES;
				CLANG_ANALYZER_NUMBER_OBJECT_CONVERSION = YES_AGGRESSIVE;
				CLANG_CXX_LANGUAGE_STANDARD = "gnu++20";
				CLANG_ENABLE_MODULES = YES;
				CLANG_ENABLE_OBJC_ARC = YES;
				CLANG_ENABLE_OBJC_WEAK = YES;
				CLANG_WARN_BLOCK_CAPTURE_AUTORELEASING = YES;
				CLANG_WARN_BOOL_CONVERSION = YES;
				CLANG_WARN_COMMA = YES;
				CLANG_WARN_CONSTANT_CONVERSION = YES;
				CLANG_WARN_DEPRECATED_OBJC_IMPLEMENTATIONS = YES;
				CLANG_WARN_DIRECT_OBJC_ISA_USAGE = YES_ERROR;
				CLANG_WARN_DOCUMENTATION_COMMENTS = YES;
				CLANG_WARN_EMPTY_BODY = YES;
				CLANG_WARN_ENUM_CONVERSION = YES;
				CLANG_WARN_INFINITE_RECURSION = YES;
				CLANG_WARN_INT_CONVERSION = YES;
				CLANG_WARN_NON_LITERAL_NULL_CONVERSION = YES;
				CLANG_WARN_OBJC_IMPLICIT_RETAIN_SELF = YES;
				CLANG_WARN_OBJC_LITERAL_CONVERSION = YES;
				CLANG_WARN_OBJC_ROOT_CLASS = YES_ERROR;
				CLANG_WARN_QUOTED_INCLUDE_IN_FRAMEWORK_HEADER = YES;
				CLANG_WARN_RANGE_LOOP_ANALYSIS = YES;
				CLANG_WARN_STRICT_PROTOTYPES = YES;
				CLANG_WARN_SUSPICIOUS_MOVE = YES;
				CLANG_WARN_UNGUARDED_AVAILABILITY = YES_AGGRESSIVE;
				CLANG_WARN_UNREACHABLE_CODE = YES;
				CLANG_WARN__DUPLICATE_METHOD_MATCH = YES;
				COPY_PHASE_STRIP = NO;
				DEBUG_INFORMATION_FORMAT = dwarf;
				ENABLE_STRICT_OBJC_MSGSEND = YES;
				ENABLE_TESTABILITY = YES;
				ENABLE_USER_SCRIPT_SANDBOXING = YES;
				GCC_C_LANGUAGE_STANDARD = gnu17;
				GCC_DYNAMIC_NO_PIC = NO;
				GCC_NO_COMMON_BLOCKS = YES;
				GCC_OPTIMIZATION_LEVEL = 0;
				GCC_PREPROCESSOR_DEFINITIONS = (
					"DEBUG=1",
					"$(inherited)",
				);
				GCC_WARN_64_TO_32_BIT_CONVERSION = YES;
				GCC_WARN_ABOUT_RETURN_TYPE = YES_ERROR;
				GCC_WARN_UNDECLARED_SELECTOR = YES;
				GCC_WARN_UNINITIALIZED_AUTOS = YES_AGGRESSIVE;
				GCC_WARN_UNUSED_FUNCTION = YES;
				GCC_WARN_UNUSED_VARIABLE = YES;
				LOCALIZATION_PREFERS_STRING_CATALOGS = YES;
				MACOSX_DEPLOYMENT_TARGET = 14.0;
				MTL_ENABLE_DEBUG_INFO = INCLUDE_SOURCE;
				MTL_FAST_MATH = YES;
				ONLY_ACTIVE_ARCH = YES;
				SDKROOT = macosx;
				SWIFT_ACTIVE_COMPILATION_CONDITIONS = "DEBUG $(inherited)";
				SWIFT_OPTIMIZATION_LEVEL = "-Onone";
			};
			name = Debug;
		};
		A10000F3212FFFF3 /* Release */ = {
			isa = XCBuildConfiguration;
			buildSettings = {
				ALWAYS_SEARCH_USER_PATHS = NO;
				ASSETCATALOG_COMPILER_GENERATE_SWIFT_ASSET_SYMBOL_EXTENSIONS = YES;
				CLANG_ANALYZER_NONNULL = YES;
				CLANG_ANALYZER_NUMBER_OBJECT_CONVERSION = YES_AGGRESSIVE;
				CLANG_CXX_LANGUAGE_STANDARD = "gnu++20";
				CLANG_ENABLE_MODULES = YES;
				CLANG_ENABLE_OBJC_ARC = YES;
				CLANG_ENABLE_OBJC_WEAK = YES;
				CLANG_WARN_BLOCK_CAPTURE_AUTORELEASING = YES;
				CLANG_WARN_BOOL_CONVERSION = YES;
				CLANG_WARN_COMMA = YES;
				CLANG_WARN_CONSTANT_CONVERSION = YES;
				CLANG_WARN_DEPRECATED_OBJC_IMPLEMENTATIONS = YES;
				CLANG_WARN_DIRECT_OBJC_ISA_USAGE = YES_ERROR;
				CLANG_WARN_DOCUMENTATION_COMMENTS = YES;
				CLANG_WARN_EMPTY_BODY = YES;
				CLANG_WARN_ENUM_CONVERSION = YES;
				CLANG_WARN_INFINITE_RECURSION = YES;
				CLANG_WARN_INT_CONVERSION = YES;
				CLANG_WARN_NON_LITERAL_NULL_CONVERSION = YES;
				CLANG_WARN_OBJC_IMPLICIT_RETAIN_SELF = YES;
				CLANG_WARN_OBJC_LITERAL_CONVERSION = YES;
				CLANG_WARN_OBJC_ROOT_CLASS = YES_ERROR;
				CLANG_WARN_QUOTED_INCLUDE_IN_FRAMEWORK_HEADER = YES;
				CLANG_WARN_RANGE_LOOP_ANALYSIS = YES;
				CLANG_WARN_STRICT_PROTOTYPES = YES;
				CLANG_WARN_SUSPICIOUS_MOVE = YES;
				CLANG_WARN_UNGUARDED_AVAILABILITY = YES_AGGRESSIVE;
				CLANG_WARN_UNREACHABLE_CODE = YES;
				CLANG_WARN__DUPLICATE_METHOD_MATCH = YES;
				COPY_PHASE_STRIP = NO;
				DEBUG_INFORMATION_FORMAT = "dwarf-with-dsym";
				ENABLE_NS_ASSERTIONS = NO;
				ENABLE_STRICT_OBJC_MSGSEND = YES;
				ENABLE_USER_SCRIPT_SANDBOXING = YES;
				GCC_C_LANGUAGE_STANDARD = gnu17;
				GCC_NO_COMMON_BLOCKS = YES;
				GCC_WARN_64_TO_32_BIT_CONVERSION = YES;
				GCC_WARN_ABOUT_RETURN_TYPE = YES_ERROR;
				GCC_WARN_UNDECLARED_SELECTOR = YES;
				GCC_WARN_UNINITIALIZED_AUTOS = YES_AGGRESSIVE;
				GCC_WARN_UNUSED_FUNCTION = YES;
				GCC_WARN_UNUSED_VARIABLE = YES;
				LOCALIZATION_PREFERS_STRING_CATALOGS = YES;
				MACOSX_DEPLOYMENT_TARGET = 14.0;
				MTL_ENABLE_DEBUG_INFO = NO;
				MTL_FAST_MATH = YES;
				SDKROOT = macosx;
				SWIFT_COMPILATION_MODE = wholemodule;
			};
			name = Release;
		};
		A10000FA212FFFFA /* Debug */ = {
			isa = XCBuildConfiguration;
			buildSettings = {
				ASSETCATALOG_COMPILER_APPICON_NAME = AppIcon;
				ASSETCATALOG_COMPILER_GLOBAL_ACCENT_COLOR_NAME = AccentColor;
				CODE_SIGN_ENTITLEMENTS = "";
				CODE_SIGN_STYLE = Automatic;
				COMBINE_HIDPI_IMAGES = YES;
				CURRENT_PROJECT_VERSION = 1;
				DEVELOPMENT_ASSET_PATHS = "";
				ENABLE_HARDENED_RUNTIME = YES;
				ENABLE_PREVIEWS = YES;
				GENERATE_INFOPLIST_FILE = YES;
				INFOPLIST_KEY_LSApplicationCategoryType = "public.app-category.productivity";
				INFOPLIST_KEY_NSHumanReadableCopyright = "";
				LD_RUNPATH_SEARCH_PATHS = (
					"$(inherited)",
					"@executable_path/../Frameworks",
				);
				MARKETING_VERSION = 0.1.0;
				PRODUCT_BUNDLE_IDENTIFIER = com.leonard.app;
				PRODUCT_NAME = "$(TARGET_NAME)";
				SWIFT_EMIT_LOC_STRINGS = YES;
				SWIFT_VERSION = 5.0;
			};
			name = Debug;
		};
		A10000FB212FFFFB /* Release */ = {
			isa = XCBuildConfiguration;
			buildSettings = {
				ASSETCATALOG_COMPILER_APPICON_NAME = AppIcon;
				ASSETCATALOG_COMPILER_GLOBAL_ACCENT_COLOR_NAME = AccentColor;
				CODE_SIGN_ENTITLEMENTS = "";
				CODE_SIGN_STYLE = Automatic;
				COMBINE_HIDPI_IMAGES = YES;
				CURRENT_PROJECT_VERSION = 1;
				DEVELOPMENT_ASSET_PATHS = "";
				ENABLE_HARDENED_RUNTIME = YES;
				ENABLE_PREVIEWS = YES;
				GENERATE_INFOPLIST_FILE = YES;
				INFOPLIST_KEY_LSApplicationCategoryType = "public.app-category.productivity";
				INFOPLIST_KEY_NSHumanReadableCopyright = "";
				LD_RUNPATH_SEARCH_PATHS = (
					"$(inherited)",
					"@executable_path/../Frameworks",
				);
				MARKETING_VERSION = 0.1.0;
				PRODUCT_BUNDLE_IDENTIFIER = com.leonard.app;
				PRODUCT_NAME = "$(TARGET_NAME)";
				SWIFT_EMIT_LOC_STRINGS = YES;
				SWIFT_VERSION = 5.0;
			};
			name = Release;
		};
/* End XCBuildConfiguration section */

/* Begin XCConfigurationList section */
		A10000F1212FFFF1 /* Build configuration list for PBXProject "Leonard" */ = {
			isa = XCConfigurationList;
			buildConfigurations = (
				A10000F2212FFFF2 /* Debug */,
				A10000F3212FFFF3 /* Release */,
			);
			defaultConfigurationIsVisible = 0;
			defaultConfigurationName = Release;
		};
		A10000FD212FFFFD /* Build configuration list for PBXNativeTarget "Leonard" */ = {
			isa = XCConfigurationList;
			buildConfigurations = (
				A10000FA212FFFFA /* Debug */,
				A10000FB212FFFFB /* Release */,
			);
			defaultConfigurationIsVisible = 0;
			defaultConfigurationName = Release;
		};
/* End XCConfigurationList section */
	};
	rootObject = A10000F0212FFFF0 /* Project object */;
}
